
Microsoft Visual Studio Solution File, Format Version 12.00
# Visual Studio Version 17
VisualStudioVersion = 17.7.34221.43
MinimumVisualStudioVersion = 10.0.40219.1
Project("{9A19103F-16F7-4668-BE54-9A1E7A4F7556}") = "Calculator", "Calculator\Calculator.csproj", "{D7CE9D82-9BB8-45F6-A16E-3D4BE1FF2E77}"
EndProject
Project("{9A19103F-16F7-4668-BE54-9A1E7A4F7556}") = "Calendar", "Calendar\Calendar.csproj", "{6A61C649-337A-441F-9706-80FD163EB115}"
EndProject
Project("{9A19103F-16F7-4668-BE54-9A1E7A4F7556}") = "5.2_numberFormat", "5.2_numberFormat\5.2_numberFormat.csproj", "{2F136F16-3028-4FF3-AF8C-BC41AB02E1E0}"
EndProject
Project("{9A19103F-16F7-4668-BE54-9A1E7A4F7556}") = "6.1", "6.1\6.1.csproj", "{DBE696B5-D19A-4204-A226-383194254B02}"
EndProject
Project("{9A19103F-16F7-4668-BE54-9A1E7A4F7556}") = "8.1", "8.1\8.1.csproj", "{B63FF816-513D-4AA7-85A2-8AA430076EC3}"
EndProject
Project("{FAE04EC0-301F-11D3-BF4B-00C04F79EFBC}") = "10", "10\10.csproj", "{2F8ACDB1-16A7-4EBF-B6BD-8CCA280C6B4E}"
EndProject
Global
	GlobalSection(SolutionConfigurationPlatforms) = preSolution
		Debug|Any CPU = Debug|Any CPU
		Release|Any CPU = Release|Any CPU
	EndGlobalSection
	GlobalSection(ProjectConfigurationPlatforms) = postSolution
		{D7CE9D82-9BB8-45F6-A16E-3D4BE1FF2E77}.Debug|Any CPU.ActiveCfg = Debug|Any CPU
		{D7CE9D82-9BB8-45F6-A16E-3D4BE1FF2E77}.Debug|Any CPU.Build.0 = Debug|Any CPU
		{D7CE9D82-9BB8-45F6-A16E-3D4BE1FF2E77}.Release|Any CPU.ActiveCfg = Release|Any CPU
		{D7CE9D82-9BB8-45F6-A16E-3D4BE1FF2E77}.Release|Any CPU.Build.0 = Release|Any CPU
		{6A61C649-337A-441F-9706-80FD163EB115}.Debug|Any CPU.ActiveCfg = Debug|Any CPU
		{6A61C649-337A-441F-9706-80FD163EB115}.Debug|Any CPU.Build.0 = Debug|Any CPU
		{6A61C649-337A-441F-9706-80FD163EB115}.Release|Any CPU.ActiveCfg = Release|Any CPU
		{6A61C649-337A-441F-9706-80FD163EB115}.Release|Any CPU.Build.0 = Release|Any CPU
		{2F136F16-3028-4FF3-AF8C-BC41AB02E1E0}.Debug|Any CPU.ActiveCfg = Debug|Any CPU
		{2F136F16-3028-4FF3-AF8C-BC41AB02E1E0}.Debug|Any CPU.Build.0 = Debug|Any CPU
		{2F136F16-3028-4FF3-AF8C-BC41AB02E1E0}.Release|Any CPU.ActiveCfg = Release|Any CPU
		{2F136F16-3028-4FF3-AF8C-BC41AB02E1E0}.Release|Any CPU.Build.0 = Release|Any CPU
		{DBE696B5-D19A-4204-A226-383194254B02}.Debug|Any CPU.ActiveCfg = Debug|Any CPU
		{DBE696B5-D19A-4204-A226-383194254B02}.Debug|Any CPU.Build.0 = Debug|Any CPU
		{DBE696B5-D19A-4204-A226-383194254B02}.Release|Any CPU.ActiveCfg = Release|Any CPU
		{DBE696B5-D19A-4204-A226-383194254B02}.Release|Any CPU.Build.0 = Release|Any CPU
		{B63FF816-513D-4AA7-85A2-8AA430076EC3}.Debug|Any CPU.ActiveCfg = Debug|Any CPU
		{B63FF816-513D-4AA7-85A2-8AA430076EC3}.Debug|Any CPU.Build.0 = Debug|Any CPU
		{B63FF816-513D-4AA7-85A2-8AA430076EC3}.Release|Any CPU.ActiveCfg = Release|Any CPU
		{B63FF816-513D-4AA7-85A2-8AA430076EC3}.Release|Any CPU.Build.0 = Release|Any CPU
		{2F8ACDB1-16A7-4EBF-B6BD-8CCA280C6B4E}.Debug|Any CPU.ActiveCfg = Debug|Any CPU
		{2F8ACDB1-16A7-4EBF-B6BD-8CCA280C6B4E}.Debug|Any CPU.Build.0 = Debug|Any CPU
		{2F8ACDB1-16A7-4EBF-B6BD-8CCA280C6B4E}.Release|Any CPU.ActiveCfg = Release|Any CPU
		{2F8ACDB1-16A7-4EBF-B6BD-8CCA280C6B4E}.Release|Any CPU.Build.0 = Release|Any CPU
	EndGlobalSection
	GlobalSection(SolutionProperties) = preSolution
		HideSolutionNode = FALSE
	EndGlobalSection
	GlobalSection(ExtensibilityGlobals) = postSolution
		SolutionGuid = {A198BAC3-C585-4338-9228-B21CB433F642}
	EndGlobalSection
EndGlobal
